
Microsoft Visual Studio Solution File, Format Version 12.00
# Visual Studio Version 17
VisualStudioVersion = 17.2.32519.379
MinimumVisualStudioVersion = 10.0.40219.1
Project("{8BC9CEB8-8B4A-11D0-8D11-00A0C91BC942}") = "Sorts", "Sorts\Sorts.vcxproj", "{B3A15D0F-F349-4E84-835B-29E0A74CC39F}"
EndProject
Global
	GlobalSection(SolutionConfigurationPlatforms) = preSolution
		Debug|x64 = Debug|x64
		Debug|x86 = Debug|x86
		Release|x64 = Release|x64
		Release|x86 = Release|x86
	EndGlobalSection
	GlobalSection(ProjectConfigurationPlatforms) = postSolution
		{B3A15D0F-F349-4E84-835B-29E0A74CC39F}.Debug|x64.ActiveCfg = Debug|x64
		{B3A15D0F-F349-4E84-835B-29E0A74CC39F}.Debug|x64.Build.0 = Debug|x64
		{B3A15D0F-F349-4E84-835B-29E0A74CC39F}.Debug|x86.ActiveCfg = Debug|Win32
		{B3A15D0F-F349-4E84-835B-29E0A74CC39F}.Debug|x86.Build.0 = Debug|Win32
		{B3A15D0F-F349-4E84-835B-29E0A74CC39F}.Release|x64.ActiveCfg = Release|x64
		{B3A15D0F-F349-4E84-835B-29E0A74CC39F}.Release|x64.Build.0 = Release|x64
		{B3A15D0F-F349-4E84-835B-29E0A74CC39F}.Release|x86.ActiveCfg = Release|Win32
		{B3A15D0F-F349-4E84-835B-29E0A74CC39F}.Release|x86.Build.0 = Release|Win32
	EndGlobalSection
	GlobalSection(SolutionProperties) = preSolution
		HideSolutionNode = FALSE
	EndGlobalSection
	GlobalSection(ExtensibilityGlobals) = postSolution
		SolutionGuid = {4EA968A4-53CD-478D-9309-81DE0C3DB491}
	EndGlobalSection
EndGlobal
